# THIS IS AN AUTOGENERATED FILE. DO NOT EDIT THIS FILE DIRECTLY.
# yarn lockfile v1


"@react-native-community/picker@^1.8.0":
  version "1.8.0"
  resolved "https://registry.yarnpkg.com/@react-native-community/picker/-/picker-1.8.0.tgz#32425321af1e29e3da882fbd627a71ea142c75e4"
  integrity sha512-aS506wjynNzKDZjynlDasbc665GKGHdhrCob9KdOprPFlE+zMnoR3k0Ce0OkIuGHcY/GMVvQqTc+LYVm2UOmbg==
